// !$*UTF8*$!
{
	archiveVersion = 1;
	classes = {
	};
	objectVersion = 56;
	objects = {

/* Begin PBXBuildFile section */
		DE82E4F529E68B3C008A3202 /* AppDelegate.swift in Sources */ = {isa = PBXBuildFile; fileRef = DE82E4F429E68B3C008A3202 /* AppDelegate.swift */; };
		DE82E4F729E68B3C008A3202 /* SceneDelegate.swift in Sources */ = {isa = PBXBuildFile; fileRef = DE82E4F629E68B3C008A3202 /* SceneDelegate.swift */; };
		DE82E4F929E68B3C008A3202 /* ViewController.swift in Sources */ = {isa = PBXBuildFile; fileRef = DE82E4F829E68B3C008A3202 /* ViewController.swift */; };
		DE82E4FC29E68B3C008A3202 /* Main.storyboard in Resources */ = {isa = PBXBuildFile; fileRef = DE82E4FA29E68B3C008A3202 /* Main.storyboard */; };
		DE82E4FE29E68B3D008A3202 /* Assets.xcassets in Resources */ = {isa = PBXBuildFile; fileRef = DE82E4FD29E68B3D008A3202 /* Assets.xcassets */; };
		DE82E50129E68B3D008A3202 /* LaunchScreen.storyboard in Resources */ = {isa = PBXBuildFile; fileRef = DE82E4FF29E68B3D008A3202 /* LaunchScreen.storyboard */; };
		DE82E50929E69157008A3202 /* UsersDefaults+Extension.swift in Sources */ = {isa = PBXBuildFile; fileRef = DE82E50829E69157008A3202 /* UsersDefaults+Extension.swift */; };
		DE82E50B29E69306008A3202 /* User.swift in Sources */ = {isa = PBXBuildFile; fileRef = DE82E50A29E69306008A3202 /* User.swift */; };
/* End PBXBuildFile section */

/* Begin PBXFileReference section */
		DE82E4F129E68B3C008A3202 /* UserDefaultsUIKITExercise.app */ = {isa = PBXFileReference; explicitFileType = wrapper.application; includeInIndex = 0; path = UserDefaultsUIKITExercise.app; sourceTree = BUILT_PRODUCTS_DIR; };
		DE82E4F429E68B3C008A3202 /* AppDelegate.swift */ = {isa = PBXFileReference; lastKnownFileType = sourcecode.swift; path = AppDelegate.swift; sourceTree = "<group>"; };
		DE82E4F629E68B3C008A3202 /* SceneDelegate.swift */ = {isa = PBXFileReference; lastKnownFileType = sourcecode.swift; path = SceneDelegate.swift; sourceTree = "<group>"; };
		DE82E4F829E68B3C008A3202 /* ViewController.swift */ = {isa = PBXFileReference; lastKnownFileType = sourcecode.swift; path = ViewController.swift; sourceTree = "<group>"; };
		DE82E4FB29E68B3C008A3202 /* Base */ = {isa = PBXFileReference; lastKnownFileType = file.storyboard; name = Base; path = Base.lproj/Main.storyboard; sourceTree = "<group>"; };
		DE82E4FD29E68B3D008A3202 /* Assets.xcassets */ = {isa = PBXFileReference; lastKnownFileType = folder.assetcatalog; path = Assets.xcassets; sourceTree = "<group>"; };
		DE82E50029E68B3D008A3202 /* Base */ = {isa = PBXFileReference; lastKnownFileType = file.storyboard; name = Base; path = Base.lproj/LaunchScreen.storyboard; sourceTree = "<group>"; };
		DE82E50229E68B3D008A3202 /* Info.plist */ = {isa = PBXFileReference; lastKnownFileType = text.plist.xml; path = Info.plist; sourceTree = "<group>"; };
		DE82E50829E69157008A3202 /* UsersDefaults+Extension.swift */ = {isa = PBXFileReference; lastKnownFileType = sourcecode.swift; path = "UsersDefaults+Extension.swift"; sourceTree = "<group>"; };
		DE82E50A29E69306008A3202 /* User.swift */ = {isa = PBXFileReference; lastKnownFileType = sourcecode.swift; path = User.swift; sourceTree = "<group>"; };
/* End PBXFileReference section */

/* Begin PBXFrameworksBuildPhase section */
		DE82E4EE29E68B3C008A3202 /* Frameworks */ = {
			isa = PBXFrameworksBuildPhase;
			buildActionMask = 2147483647;
			files = (
			);
			runOnlyForDeploymentPostprocessing = 0;
		};
/* End PBXFrameworksBuildPhase section */

/* Begin PBXGroup section */
		DE82E4E829E68B3C008A3202 = {
			isa = PBXGroup;
			children = (
				DE82E4F329E68B3C008A3202 /* UserDefaultsUIKITExercise */,
				DE82E4F229E68B3C008A3202 /* Products */,
			);
			sourceTree = "<group>";
		};
		DE82E4F229E68B3C008A3202 /* Products */ = {
			isa = PBXGroup;
			children = (
				DE82E4F129E68B3C008A3202 /* UserDefaultsUIKITExercise.app */,
			);
			name = Products;
			sourceTree = "<group>";
		};
		DE82E4F329E68B3C008A3202 /* UserDefaultsUIKITExercise */ = {
			isa = PBXGroup;
			children = (
				DE82E4F429E68B3C008A3202 /* AppDelegate.swift */,
				DE82E4F629E68B3C008A3202 /* SceneDelegate.swift */,
				DE82E4F829E68B3C008A3202 /* ViewController.swift */,
				DE82E50A29E69306008A3202 /* User.swift */,
				DE82E50829E69157008A3202 /* UsersDefaults+Extension.swift */,
				DE82E4FA29E68B3C008A3202 /* Main.storyboard */,
				DE82E4FD29E68B3D008A3202 /* Assets.xcassets */,
				DE82E4FF29E68B3D008A3202 /* LaunchScreen.storyboard */,
				DE82E50229E68B3D008A3202 /* Info.plist */,
			);
			path = UserDefaultsUIKITExercise;
			sourceTree = "<group>";
		};
/* End PBXGroup section */

/* Begin PBXNativeTarget section */
		DE82E4F029E68B3C008A3202 /* UserDefaultsUIKITExercise */ = {
			isa = PBXNativeTarget;
			buildConfigurationList = DE82E50529E68B3D008A3202 /* Build configuration list for PBXNativeTarget "UserDefaultsUIKITExercise" */;
			buildPhases = (
				DE82E4ED29E68B3C008A3202 /* Sources */,
				DE82E4EE29E68B3C008A3202 /* Frameworks */,
				DE82E4EF29E68B3C008A3202 /* Resources */,
			);
			buildRules = (
			);
			dependencies = (
			);
			name = UserDefaultsUIKITExercise;
			productName = UserDefaultsUIKITExercise;
			productReference = DE82E4F129E68B3C008A3202 /* UserDefaultsUIKITExercise.app */;
			productType = "com.apple.product-type.application";
		};
/* End PBXNativeTarget section */

/* Begin PBXProject section */
		DE82E4E929E68B3C008A3202 /* Project object */ = {
			isa = PBXProject;
			attributes = {
				BuildIndependentTargetsInParallel = 1;
				LastSwiftUpdateCheck = 1430;
				LastUpgradeCheck = 1430;
				TargetAttributes = {
					DE82E4F029E68B3C008A3202 = {
						CreatedOnToolsVersion = 14.3;
					};
				};
			};
			buildConfigurationList = DE82E4EC29E68B3C008A3202 /* Build configuration list for PBXProject "UserDefaultsUIKITExercise" */;
			compatibilityVersion = "Xcode 14.0";
			developmentRegion = en;
			hasScannedForEncodings = 0;
			knownRegions = (
				en,
				Base,
			);
			mainGroup = DE82E4E829E68B3C008A3202;
			productRefGroup = DE82E4F229E68B3C008A3202 /* Products */;
			projectDirPath = "";
			projectRoot = "";
			targets = (
				DE82E4F029E68B3C008A3202 /* UserDefaultsUIKITExercise */,
			);
		};
/* End PBXProject section */

/* Begin PBXResourcesBuildPhase section */
		DE82E4EF29E68B3C008A3202 /* Resources */ = {
			isa = PBXResourcesBuildPhase;
			buildActionMask = 2147483647;
			files = (
				DE82E50129E68B3D008A3202 /* LaunchScreen.storyboard in Resources */,
				DE82E4FE29E68B3D008A3202 /* Assets.xcassets in Resources */,
				DE82E4FC29E68B3C008A3202 /* Main.storyboard in Resources */,
			);
			runOnlyForDeploymentPostprocessing = 0;
		};
/* End PBXResourcesBuildPhase section */

/* Begin PBXSourcesBuildPhase section */
		DE82E4ED29E68B3C008A3202 /* Sources */ = {
			isa = PBXSourcesBuildPhase;
			buildActionMask = 2147483647;
			files = (
				DE82E50929E69157008A3202 /* UsersDefaults+Extension.swift in Sources */,
				DE82E4F929E68B3C008A3202 /* ViewController.swift in Sources */,
				DE82E4F529E68B3C008A3202 /* AppDelegate.swift in Sources */,
				DE82E50B29E69306008A3202 /* User.swift in Sources */,
				DE82E4F729E68B3C008A3202 /* SceneDelegate.swift in Sources */,
			);
			runOnlyForDeploymentPostprocessing = 0;
		};
/* End PBXSourcesBuildPhase section */

/* Begin PBXVariantGroup section */
		DE82E4FA29E68B3C008A3202 /* Main.storyboard */ = {
			isa = PBXVariantGroup;
			children = (
				DE82E4FB29E68B3C008A3202 /* Base */,
			);
			name = Main.storyboard;
			sourceTree = "<group>";
		};
		DE82E4FF29E68B3D008A3202 /* LaunchScreen.storyboard */ = {
			isa = PBXVariantGroup;
			children = (
				DE82E50029E68B3D008A3202 /* Base */,
			);
			name = LaunchScreen.storyboard;
			sourceTree = "<group>";
		};
/* End PBXVariantGroup section */

/* Begin XCBuildConfiguration section */
		DE82E50329E68B3D008A3202 /* Debug */ = {
			isa = XCBuildConfiguration;
			buildSettings = {
				ALWAYS_SEARCH_USER_PATHS = NO;
				CLANG_ANALYZER_NONNULL = YES;
				CLANG_ANALYZER_NUMBER_OBJECT_CONVERSION = YES_AGGRESSIVE;
				CLANG_CXX_LANGUAGE_STANDARD = "gnu++20";
				CLANG_ENABLE_MODULES = YES;
				CLANG_ENABLE_OBJC_ARC = YES;
				CLANG_ENABLE_OBJC_WEAK = YES;
				CLANG_WARN_BLOCK_CAPTURE_AUTORELEASING = YES;
				CLANG_WARN_BOOL_CONVERSION = YES;
				CLANG_WARN_COMMA = YES;
				CLANG_WARN_CONSTANT_CONVERSION = YES;
				CLANG_WARN_DEPRECATED_OBJC_IMPLEMENTATIONS = YES;
				CLANG_WARN_DIRECT_OBJC_ISA_USAGE = YES_ERROR;
				CLANG_WARN_DOCUMENTATION_COMMENTS = YES;
				CLANG_WARN_EMPTY_BODY = YES;
				CLANG_WARN_ENUM_CONVERSION = YES;
				CLANG_WARN_INFINITE_RECURSION = YES;
				CLANG_WARN_INT_CONVERSION = YES;
				CLANG_WARN_NON_LITERAL_NULL_CONVERSION = YES;
				CLANG_WARN_OBJC_IMPLICIT_RETAIN_SELF = YES;
				CLANG_WARN_OBJC_LITERAL_CONVERSION = YES;
				CLANG_WARN_OBJC_ROOT_CLASS = YES_ERROR;
				CLANG_WARN_QUOTED_INCLUDE_IN_FRAMEWORK_HEADER = YES;
				CLANG_WARN_RANGE_LOOP_ANALYSIS = YES;
				CLANG_WARN_STRICT_PROTOTYPES = YES;
				CLANG_WARN_SUSPICIOUS_MOVE = YES;
				CLANG_WARN_UNGUARDED_AVAILABILITY = YES_AGGRESSIVE;
				CLANG_WARN_UNREACHABLE_CODE = YES;
				CLANG_WARN__DUPLICATE_METHOD_MATCH = YES;
				COPY_PHASE_STRIP = NO;
				DEBUG_INFORMATION_FORMAT = dwarf;
				ENABLE_STRICT_OBJC_MSGSEND = YES;
				ENABLE_TESTABILITY = YES;
				GCC_C_LANGUAGE_STANDARD = gnu11;
				GCC_DYNAMIC_NO_PIC = NO;
				GCC_NO_COMMON_BLOCKS = YES;
				GCC_OPTIMIZATION_LEVEL = 0;
				GCC_PREPROCESSOR_DEFINITIONS = (
					"DEBUG=1",
					"$(inherited)",
				);
				GCC_WARN_64_TO_32_BIT_CONVERSION = YES;
				GCC_WARN_ABOUT_RETURN_TYPE = YES_ERROR;
				GCC_WARN_UNDECLARED_SELECTOR = YES;
				GCC_WARN_UNINITIALIZED_AUTOS = YES_AGGRESSIVE;
				GCC_WARN_UNUSED_FUNCTION = YES;
				GCC_WARN_UNUSED_VARIABLE = YES;
				IPHONEOS_DEPLOYMENT_TARGET = 16.4;
				MTL_ENABLE_DEBUG_INFO = INCLUDE_SOURCE;
				MTL_FAST_MATH = YES;
				ONLY_ACTIVE_ARCH = YES;
				SDKROOT = iphoneos;
				SWIFT_ACTIVE_COMPILATION_CONDITIONS = DEBUG;
				SWIFT_OPTIMIZATION_LEVEL = "-Onone";
			};
			name = Debug;
		};
		DE82E50429E68B3D008A3202 /* Release */ = {
			isa = XCBuildConfiguration;
			buildSettings = {
				ALWAYS_SEARCH_USER_PATHS = NO;
				CLANG_ANALYZER_NONNULL = YES;
				CLANG_ANALYZER_NUMBER_OBJECT_CONVERSION = YES_AGGRESSIVE;
				CLANG_CXX_LANGUAGE_STANDARD = "gnu++20";
				CLANG_ENABLE_MODULES = YES;
				CLANG_ENABLE_OBJC_ARC = YES;
				CLANG_ENABLE_OBJC_WEAK = YES;
				CLANG_WARN_BLOCK_CAPTURE_AUTORELEASING = YES;
				CLANG_WARN_BOOL_CONVERSION = YES;
				CLANG_WARN_COMMA = YES;
				CLANG_WARN_CONSTANT_CONVERSION = YES;
				CLANG_WARN_DEPRECATED_OBJC_IMPLEMENTATIONS = YES;
				CLANG_WARN_DIRECT_OBJC_ISA_USAGE = YES_ERROR;
				CLANG_WARN_DOCUMENTATION_COMMENTS = YES;
				CLANG_WARN_EMPTY_BODY = YES;
				CLANG_WARN_ENUM_CONVERSION = YES;
				CLANG_WARN_INFINITE_RECURSION = YES;
				CLANG_WARN_INT_CONVERSION = YES;
				CLANG_WARN_NON_LITERAL_NULL_CONVERSION = YES;
				CLANG_WARN_OBJC_IMPLICIT_RETAIN_SELF = YES;
				CLANG_WARN_OBJC_LITERAL_CONVERSION = YES;
				CLANG_WARN_OBJC_ROOT_CLASS = YES_ERROR;
				CLANG_WARN_QUOTED_INCLUDE_IN_FRAMEWORK_HEADER = YES;
				CLANG_WARN_RANGE_LOOP_ANALYSIS = YES;
				CLANG_WARN_STRICT_PROTOTYPES = YES;
				CLANG_WARN_SUSPICIOUS_MOVE = YES;
				CLANG_WARN_UNGUARDED_AVAILABILITY = YES_AGGRESSIVE;
				CLANG_WARN_UNREACHABLE_CODE = YES;
				CLANG_WARN__DUPLICATE_METHOD_MATCH = YES;
				COPY_PHASE_STRIP = NO;
				DEBUG_INFORMATION_FORMAT = "dwarf-with-dsym";
				ENABLE_NS_ASSERTIONS = NO;
				ENABLE_STRICT_OBJC_MSGSEND = YES;
				GCC_C_LANGUAGE_STANDARD = gnu11;
				GCC_NO_COMMON_BLOCKS = YES;
				GCC_WARN_64_TO_32_BIT_CONVERSION = YES;
				GCC_WARN_ABOUT_RETURN_TYPE = YES_ERROR;
				GCC_WARN_UNDECLARED_SELECTOR = YES;
				GCC_WARN_UNINITIALIZED_AUTOS = YES_AGGRESSIVE;
				GCC_WARN_UNUSED_FUNCTION = YES;
				GCC_WARN_UNUSED_VARIABLE = YES;
				IPHONEOS_DEPLOYMENT_TARGET = 16.4;
				MTL_ENABLE_DEBUG_INFO = NO;
				MTL_FAST_MATH = YES;
				SDKROOT = iphoneos;
				SWIFT_COMPILATION_MODE = wholemodule;
				SWIFT_OPTIMIZATION_LEVEL = "-O";
				VALIDATE_PRODUCT = YES;
			};
			name = Release;
		};
		DE82E50629E68B3D008A3202 /* Debug */ = {
			isa = XCBuildConfiguration;
			buildSettings = {
				ASSETCATALOG_COMPILER_APPICON_NAME = AppIcon;
				ASSETCATALOG_COMPILER_GLOBAL_ACCENT_COLOR_NAME = AccentColor;
				CODE_SIGN_STYLE = Automatic;
				CURRENT_PROJECT_VERSION = 1;
				GENERATE_INFOPLIST_FILE = YES;
				INFOPLIST_FILE = UserDefaultsUIKITExercise/Info.plist;
				INFOPLIST_KEY_UIApplicationSupportsIndirectInputEvents = YES;
				INFOPLIST_KEY_UILaunchStoryboardName = LaunchScreen;
				INFOPLIST_KEY_UIMainStoryboardFile = Main;
				INFOPLIST_KEY_UISupportedInterfaceOrientations_iPad = "UIInterfaceOrientationPortrait UIInterfaceOrientationPortraitUpsideDown UIInterfaceOrientationLandscapeLeft UIInterfaceOrientationLandscapeRight";
				INFOPLIST_KEY_UISupportedInterfaceOrientations_iPhone = "UIInterfaceOrientationPortrait UIInterfaceOrientationLandscapeLeft UIInterfaceOrientationLandscapeRight";
				LD_RUNPATH_SEARCH_PATHS = (
					"$(inherited)",
					"@executable_path/Frameworks",
				);
				MARKETING_VERSION = 1.0;
				PRODUCT_BUNDLE_IDENTIFIER = com.Nkosi.UserDefaultsUIKITExercise;
				PRODUCT_NAME = "$(TARGET_NAME)";
				SWIFT_EMIT_LOC_STRINGS = YES;
				SWIFT_VERSION = 5.0;
				TARGETED_DEVICE_FAMILY = "1,2";
			};
			name = Debug;
		};
		DE82E50729E68B3D008A3202 /* Release */ = {
			isa = XCBuildConfiguration;
			buildSettings = {
				ASSETCATALOG_COMPILER_APPICON_NAME = AppIcon;
				ASSETCATALOG_COMPILER_GLOBAL_ACCENT_COLOR_NAME = AccentColor;
				CODE_SIGN_STYLE = Automatic;
				CURRENT_PROJECT_VERSION = 1;
				GENERATE_INFOPLIST_FILE = YES;
				INFOPLIST_FILE = UserDefaultsUIKITExercise/Info.plist;
				INFOPLIST_KEY_UIApplicationSupportsIndirectInputEvents = YES;
				INFOPLIST_KEY_UILaunchStoryboardName = LaunchScreen;
				INFOPLIST_KEY_UIMainStoryboardFile = Main;
				INFOPLIST_KEY_UISupportedInterfaceOrientations_iPad = "UIInterfaceOrientationPortrait UIInterfaceOrientationPortraitUpsideDown UIInterfaceOrientationLandscapeLeft UIInterfaceOrientationLandscapeRight";
				INFOPLIST_KEY_UISupportedInterfaceOrientations_iPhone = "UIInterfaceOrientationPortrait UIInterfaceOrientationLandscapeLeft UIInterfaceOrientationLandscapeRight";
				LD_RUNPATH_SEARCH_PATHS = (
					"$(inherited)",
					"@executable_path/Frameworks",
				);
				MARKETING_VERSION = 1.0;
				PRODUCT_BUNDLE_IDENTIFIER = com.Nkosi.UserDefaultsUIKITExercise;
				PRODUCT_NAME = "$(TARGET_NAME)";
				SWIFT_EMIT_LOC_STRINGS = YES;
				SWIFT_VERSION = 5.0;
				TARGETED_DEVICE_FAMILY = "1,2";
			};
			name = Release;
		};
/* End XCBuildConfiguration section */

/* Begin XCConfigurationList section */
		DE82E4EC29E68B3C008A3202 /* Build configuration list for PBXProject "UserDefaultsUIKITExercise" */ = {
			isa = XCConfigurationList;
			buildConfigurations = (
				DE82E50329E68B3D008A3202 /* Debug */,
				DE82E50429E68B3D008A3202 /* Release */,
			);
			defaultConfigurationIsVisible = 0;
			defaultConfigurationName = Release;
		};
		DE82E50529E68B3D008A3202 /* Build configuration list for PBXNativeTarget "UserDefaultsUIKITExercise" */ = {
			isa = XCConfigurationList;
			buildConfigurations = (
				DE82E50629E68B3D008A3202 /* Debug */,
				DE82E50729E68B3D008A3202 /* Release */,
			);
			defaultConfigurationIsVisible = 0;
			defaultConfigurationName = Release;
		};
/* End XCConfigurationList section */
	};
	rootObject = DE82E4E929E68B3C008A3202 /* Project object */;
}
